schema: '2.0'
stages:
  m1_tabular_preprocess:
    cmd: "python -m src.tabular.preprocess --input data/raw/renovation_cost_dataset_india_v2.csv
      --out data/processed/processed.parquet --preview-csv outputs/reports/m1_preview.csv
      --schema-json outputs/reports/m1_schema.json --preview-n 200\n"
    deps:
    - path: data/raw/renovation_cost_dataset_india_v2.csv
      hash: md5
      md5: b4392ffc65da8f3d6ea598bcaa4cccf4
      size: 2107243
    - path: params.yaml
      hash: md5
      md5: b7b69f4d7d0d148a82481387645e5428
      size: 2885
    - path: src/tabular/preprocess.py
      hash: md5
      md5: 43def28adbfa89e98a4d78b72b95e4ec
      size: 2813
    outs:
    - path: data/processed/processed.parquet
      hash: md5
      md5: 262a4e05f7499bcdb5803af14fb76fff
      size: 826058
    - path: outputs/reports/m1_preview.csv
      hash: md5
      md5: 2ea4d188ca67b3387094395501f3205a
      size: 39940
    - path: outputs/reports/m1_schema.json
      hash: md5
      md5: fdaadfa6236be31acf65a7a8674176fc
      size: 1272
  m2_quantity_estimation:
    cmd: "python -m src.quantity.estimate --tab data/processed/processed.parquet --detections
      data/external/detections.jsonl --out data/processed/quantities.parquet --preview-csv
      outputs/reports/m2_preview.csv --preview-n 200\n"
    deps:
    - path: data/processed/processed.parquet
      hash: md5
      md5: 262a4e05f7499bcdb5803af14fb76fff
      size: 826058
    - path: params.yaml
      hash: md5
      md5: b7b69f4d7d0d148a82481387645e5428
      size: 2885
    - path: src/quantity/estimate.py
      hash: md5
      md5: 256c0e0e60d979ca7cbbb410fbc02194
      size: 4750
    outs:
    - path: data/processed/quantities.parquet
      hash: md5
      md5: d48f47abd62e6b6498572d77b4f900e0
      size: 158912
    - path: outputs/reports/m2_preview.csv
      hash: md5
      md5: b8995c8a510fa879a45f9c7b5b5b4610
      size: 8180
  m3_cost_mapping:
    cmd: "python -m src.cost.map_costs --tab data/processed/processed.parquet --qty
      data/processed/quantities.parquet --cost-index data/external/cost_indices.csv
      --packages data/external/packages.csv --out data/processed/cost_breakdown.parquet
      --metrics outputs/reports/metrics_m3.json --plots outputs/plots --preview-csv
      outputs/reports/m3_preview.csv --preview-n 200\n"
    deps:
    - path: data/processed/processed.parquet
      hash: md5
      md5: 262a4e05f7499bcdb5803af14fb76fff
      size: 826058
    - path: data/processed/quantities.parquet
      hash: md5
      md5: d48f47abd62e6b6498572d77b4f900e0
      size: 158912
    - path: params.yaml
      hash: md5
      md5: b7b69f4d7d0d148a82481387645e5428
      size: 2885
    - path: src/cost/map_costs.py
      hash: md5
      md5: af610c58e12c7895ad36978e0543e6b3
      size: 11328
    outs:
    - path: data/processed/cost_breakdown.parquet
      hash: md5
      md5: 8ab0eff555c80d2fe7d176323a5a9c16
      size: 1627872
    - path: outputs/plots
      hash: md5
      md5: 6d31799cac14be0df566683ecb57299f.dir
      size: 391
      nfiles: 1
    - path: outputs/reports/m3_preview.csv
      hash: md5
      md5: 519ab9dba92a1ec0b5b38f7cc9bedfc6
      size: 25693
    - path: outputs/reports/metrics_m3.json
      hash: md5
      md5: cefb5301788b84de92289e564cc7e56c
      size: 658
  m4_fusion_calibration_reporting:
    cmd: "python -m src.fusion.fuse_report --tab data/processed/processed.parquet
      --cost data/processed/cost_breakdown.parquet --ml outputs/reports/ml_predictions.parquet
      --out outputs/reports/final_estimates.parquet --metrics outputs/reports/metrics.json
      --preview-csv outputs/reports/m4_preview.csv --preview-n 200\n"
    deps:
    - path: data/processed/cost_breakdown.parquet
      hash: md5
      md5: 8ab0eff555c80d2fe7d176323a5a9c16
      size: 1627872
    - path: data/processed/processed.parquet
      hash: md5
      md5: 262a4e05f7499bcdb5803af14fb76fff
      size: 826058
    - path: outputs/reports/ml_predictions.parquet
      hash: md5
      md5: 6f77633d29c39511a3cdb35fbf448754
      size: 255374
    - path: params.yaml
      hash: md5
      md5: b7b69f4d7d0d148a82481387645e5428
      size: 2885
    - path: src/fusion/fuse_report.py
      hash: md5
      md5: 98546682c50862b211955db93ec7edc0
      size: 6093
    outs:
    - path: outputs/reports/final_estimates.parquet
      hash: md5
      md5: c1dae5ccb4b6b068ad04756eee5e2b31
      size: 743512
    - path: outputs/reports/m4_preview.csv
      hash: md5
      md5: 309e94d2a39fc85706efa65b9e0abdc3
      size: 26896
    - path: outputs/reports/metrics.json
      hash: md5
      md5: 815493b71ea78438a2f158704b5e54b5
      size: 337
  m5_train_model:
    cmd: "python -m src.train.train_model --costs data/processed/cost_breakdown.parquet
      --processed data/processed/processed.parquet --model-out models/model.joblib
      --metrics-out outputs/reports/train_metrics.json\n"
    deps:
    - path: data/processed/cost_breakdown.parquet
      hash: md5
      md5: 0992698efcdde875ed5a22c723143d3a
      size: 1627900
    - path: data/processed/processed.parquet
      hash: md5
      md5: 262a4e05f7499bcdb5803af14fb76fff
      size: 826058
    - path: params.yaml
      hash: md5
      md5: ba6ca61b0a7bb2c4d40cc69c91cf5bd6
      size: 2646
    - path: src/train/train_model.py
      hash: md5
      md5: 10b608f7bbc9ac99c0b02da6e027816c
      size: 3567
    outs:
    - path: models/model.joblib
      hash: md5
      md5: 58487fa973d1a88b4956688ad7df6e29
      size: 1411233
    - path: outputs/reports/train_metrics.json
      hash: md5
      md5: ec5c15512ebe483b95c1423b1f3ffdb3
      size: 95
  m4_train_model:
    cmd: "python -m src.train.train_model --costs data/processed/cost_breakdown.parquet
      --processed data/processed/processed.parquet --model-out models/lgbm.pkl --metrics-out
      outputs/reports/model_metrics.json\n"
    deps:
    - path: data/processed/cost_breakdown.parquet
      hash: md5
      md5: 8ab0eff555c80d2fe7d176323a5a9c16
      size: 1627872
    - path: data/processed/processed.parquet
      hash: md5
      md5: 262a4e05f7499bcdb5803af14fb76fff
      size: 826058
    - path: params.yaml
      hash: md5
      md5: b7b69f4d7d0d148a82481387645e5428
      size: 2885
    - path: src/train/train_model.py
      hash: md5
      md5: 4cd82cefa9fad9480f0e54d16980cd58
      size: 5101
    outs:
    - path: models/lgbm.pkl
      hash: md5
      md5: 523614d48f2fdf36f962d79458f1300b
      size: 6862608
    - path: outputs/reports/model_metrics.json
      hash: md5
      md5: dce4c1c423b62525585be60d83fe8476
      size: 117
  m5_predict_model:
    cmd: "python -m src.model.batch_predict --model models/lgbm.pkl --features data/processed/cost_breakdown.parquet
      --out outputs/reports/ml_predictions.parquet --preview-csv outputs/reports/ml_preview.csv
      --preview-n 200\n"
    deps:
    - path: data/processed/cost_breakdown.parquet
      hash: md5
      md5: 8ab0eff555c80d2fe7d176323a5a9c16
      size: 1627872
    - path: models/lgbm.pkl
      hash: md5
      md5: 523614d48f2fdf36f962d79458f1300b
      size: 6862608
    - path: params.yaml
      hash: md5
      md5: b7b69f4d7d0d148a82481387645e5428
      size: 2885
    - path: src/model/batch_predict.py
      hash: md5
      md5: 67c44b4015b7e97727d52169d666cd86
      size: 2949
    outs:
    - path: outputs/reports/ml_predictions.parquet
      hash: md5
      md5: 6f77633d29c39511a3cdb35fbf448754
      size: 255374
    - path: outputs/reports/ml_preview.csv
      hash: md5
      md5: 928e2289a2e8ec50cac9a54804825f4e
      size: 8270
